
Microsoft Visual Studio Solution File, Format Version 12.00
# Visual Studio Version 16
VisualStudioVersion = 16.0.29411.108
MinimumVisualStudioVersion = 10.0.40219.1
Project("{FAE04EC0-301F-11D3-BF4B-00C04F79EFBC}") = "WebApplicationMVC", "WebApplicationMVC\WebApplicationMVC.csproj", "{E430948A-0E2C-4A2A-AF63-CCA49771B1EB}"
EndProject
Global
	GlobalSection(SolutionConfigurationPlatforms) = preSolution
		Debug|Any CPU = Debug|Any CPU
		Release|Any CPU = Release|Any CPU
	EndGlobalSection
	GlobalSection(ProjectConfigurationPlatforms) = postSolution
		{E430948A-0E2C-4A2A-AF63-CCA49771B1EB}.Debug|Any CPU.ActiveCfg = Debug|Any CPU
		{E430948A-0E2C-4A2A-AF63-CCA49771B1EB}.Debug|Any CPU.Build.0 = Debug|Any CPU
		{E430948A-0E2C-4A2A-AF63-CCA49771B1EB}.Release|Any CPU.ActiveCfg = Release|Any CPU
		{E430948A-0E2C-4A2A-AF63-CCA49771B1EB}.Release|Any CPU.Build.0 = Release|Any CPU
	EndGlobalSection
	GlobalSection(SolutionProperties) = preSolution
		HideSolutionNode = FALSE
	EndGlobalSection
	GlobalSection(ExtensibilityGlobals) = postSolution
		SolutionGuid = {08E2A48F-B80E-459B-B906-FA6A82DAAF66}
	EndGlobalSection
EndGlobal
